
Microsoft Visual Studio Solution File, Format Version 12.00
# Visual Studio Version 17
VisualStudioVersion = 17.6.33723.286
MinimumVisualStudioVersion = 10.0.40219.1
Project("{FAE04EC0-301F-11D3-BF4B-00C04F79EFBC}") = "Session2_BoilerPlate", "Session2_BoilerPlate.csproj", "{36ECE942-31B1-4AAB-B587-D1C203C9230B}"
EndProject
Global
	GlobalSection(SolutionConfigurationPlatforms) = preSolution
		Debug|Any CPU = Debug|Any CPU
		Release|Any CPU = Release|Any CPU
	EndGlobalSection
	GlobalSection(ProjectConfigurationPlatforms) = postSolution
		{36ECE942-31B1-4AAB-B587-D1C203C9230B}.Debug|Any CPU.ActiveCfg = Debug|Any CPU
		{36ECE942-31B1-4AAB-B587-D1C203C9230B}.Debug|Any CPU.Build.0 = Debug|Any CPU
		{36ECE942-31B1-4AAB-B587-D1C203C9230B}.Release|Any CPU.ActiveCfg = Release|Any CPU
		{36ECE942-31B1-4AAB-B587-D1C203C9230B}.Release|Any CPU.Build.0 = Release|Any CPU
	EndGlobalSection
	GlobalSection(SolutionProperties) = preSolution
		HideSolutionNode = FALSE
	EndGlobalSection
	GlobalSection(ExtensibilityGlobals) = postSolution
		SolutionGuid = {AD887DCE-3F2F-4A8B-A687-476A0A6F26A4}
	EndGlobalSection
EndGlobal
